
Microsoft Visual Studio Solution File, Format Version 12.00
# Visual Studio Version 16
VisualStudioVersion = 16.0.30225.117
MinimumVisualStudioVersion = 10.0.40219.1
Project("{9A19103F-16F7-4668-BE54-9A1E7A4F7556}") = "OgProject.OuzDevBlog.Entities", "OgProject.OuzDevBlog.Entities\OgProject.OuzDevBlog.Entities.csproj", "{51599EE7-B35A-4768-B2DC-A6CB0A79FF6F}"
EndProject
Project("{9A19103F-16F7-4668-BE54-9A1E7A4F7556}") = "OgProject.OuzDevBlog.DataAccessLayer", "OgProject.OuzDevBlog.DataAccessLayer\OgProject.OuzDevBlog.DataAccessLayer.csproj", "{904841AC-9DD0-42B6-9555-2955BEADB1D7}"
EndProject
Project("{9A19103F-16F7-4668-BE54-9A1E7A4F7556}") = "OgProject.OuzDevBlog.BusinessLayer", "OgProject.OuzDevBlog.BusinessLayer\OgProject.OuzDevBlog.BusinessLayer.csproj", "{C3F46932-BEB5-440E-B556-975214681458}"
EndProject
Project("{FAE04EC0-301F-11D3-BF4B-00C04F79EFBC}") = "OgrProject.OuzDevBlog.WebAPI", "OgrProject.OuzDevBlog.WebAPI\OgrProject.OuzDevBlog.WebAPI.csproj", "{4A53749E-6A54-4514-B7A1-4E422359BB2F}"
EndProject
Project("{FAE04EC0-301F-11D3-BF4B-00C04F79EFBC}") = "OgrProject.OuzDevBlog.DTO", "OgrProject.OuzDevBlog.DTO\OgrProject.OuzDevBlog.DTO.csproj", "{6CF65701-6F5C-4A2B-8C31-516A9958F653}"
EndProject
Global
	GlobalSection(SolutionConfigurationPlatforms) = preSolution
		Debug|Any CPU = Debug|Any CPU
		Release|Any CPU = Release|Any CPU
	EndGlobalSection
	GlobalSection(ProjectConfigurationPlatforms) = postSolution
		{51599EE7-B35A-4768-B2DC-A6CB0A79FF6F}.Debug|Any CPU.ActiveCfg = Debug|Any CPU
		{51599EE7-B35A-4768-B2DC-A6CB0A79FF6F}.Debug|Any CPU.Build.0 = Debug|Any CPU
		{51599EE7-B35A-4768-B2DC-A6CB0A79FF6F}.Release|Any CPU.ActiveCfg = Release|Any CPU
		{51599EE7-B35A-4768-B2DC-A6CB0A79FF6F}.Release|Any CPU.Build.0 = Release|Any CPU
		{904841AC-9DD0-42B6-9555-2955BEADB1D7}.Debug|Any CPU.ActiveCfg = Debug|Any CPU
		{904841AC-9DD0-42B6-9555-2955BEADB1D7}.Debug|Any CPU.Build.0 = Debug|Any CPU
		{904841AC-9DD0-42B6-9555-2955BEADB1D7}.Release|Any CPU.ActiveCfg = Release|Any CPU
		{904841AC-9DD0-42B6-9555-2955BEADB1D7}.Release|Any CPU.Build.0 = Release|Any CPU
		{C3F46932-BEB5-440E-B556-975214681458}.Debug|Any CPU.ActiveCfg = Debug|Any CPU
		{C3F46932-BEB5-440E-B556-975214681458}.Debug|Any CPU.Build.0 = Debug|Any CPU
		{C3F46932-BEB5-440E-B556-975214681458}.Release|Any CPU.ActiveCfg = Release|Any CPU
		{C3F46932-BEB5-440E-B556-975214681458}.Release|Any CPU.Build.0 = Release|Any CPU
		{4A53749E-6A54-4514-B7A1-4E422359BB2F}.Debug|Any CPU.ActiveCfg = Debug|Any CPU
		{4A53749E-6A54-4514-B7A1-4E422359BB2F}.Debug|Any CPU.Build.0 = Debug|Any CPU
		{4A53749E-6A54-4514-B7A1-4E422359BB2F}.Release|Any CPU.ActiveCfg = Release|Any CPU
		{4A53749E-6A54-4514-B7A1-4E422359BB2F}.Release|Any CPU.Build.0 = Release|Any CPU
		{6CF65701-6F5C-4A2B-8C31-516A9958F653}.Debug|Any CPU.ActiveCfg = Debug|Any CPU
		{6CF65701-6F5C-4A2B-8C31-516A9958F653}.Debug|Any CPU.Build.0 = Debug|Any CPU
		{6CF65701-6F5C-4A2B-8C31-516A9958F653}.Release|Any CPU.ActiveCfg = Release|Any CPU
		{6CF65701-6F5C-4A2B-8C31-516A9958F653}.Release|Any CPU.Build.0 = Release|Any CPU
	EndGlobalSection
	GlobalSection(SolutionProperties) = preSolution
		HideSolutionNode = FALSE
	EndGlobalSection
	GlobalSection(ExtensibilityGlobals) = postSolution
		SolutionGuid = {8AAA1C85-C116-40A1-9CE5-17406CA4DF73}
	EndGlobalSection
EndGlobal
