
Microsoft Visual Studio Solution File, Format Version 12.00
# Visual Studio Version 16
VisualStudioVersion = 16.0.29728.190
MinimumVisualStudioVersion = 10.0.40219.1
Project("{FAE04EC0-301F-11D3-BF4B-00C04F79EFBC}") = "BlogSite", "BlogSite\BlogSite.csproj", "{9F598C76-DD8D-494D-A8C7-295658427828}"
EndProject
Project("{FAE04EC0-301F-11D3-BF4B-00C04F79EFBC}") = "BlogSite.DataAccessLayer", "BlogSite.DataAccessLayer\BlogSite.DataAccessLayer.csproj", "{E389AF12-B1D4-442D-A445-8AECDD7A91F4}"
EndProject
Project("{FAE04EC0-301F-11D3-BF4B-00C04F79EFBC}") = "BlogSite.BusinessLayer", "BlogSite.BusinessLayer\BlogSite.BusinessLayer.csproj", "{F48C73D2-122F-4ADC-B53E-170396B83CEE}"
EndProject
Project("{FAE04EC0-301F-11D3-BF4B-00C04F79EFBC}") = "BlogSite.Entities", "BlogSite.Entities\BlogSite.Entities.csproj", "{001AD6C1-E96F-41DB-9F1C-864607AC9260}"
EndProject
Global
	GlobalSection(SolutionConfigurationPlatforms) = preSolution
		Debug|Any CPU = Debug|Any CPU
		Release|Any CPU = Release|Any CPU
	EndGlobalSection
	GlobalSection(ProjectConfigurationPlatforms) = postSolution
		{9F598C76-DD8D-494D-A8C7-295658427828}.Debug|Any CPU.ActiveCfg = Debug|Any CPU
		{9F598C76-DD8D-494D-A8C7-295658427828}.Debug|Any CPU.Build.0 = Debug|Any CPU
		{9F598C76-DD8D-494D-A8C7-295658427828}.Release|Any CPU.ActiveCfg = Release|Any CPU
		{9F598C76-DD8D-494D-A8C7-295658427828}.Release|Any CPU.Build.0 = Release|Any CPU
		{E389AF12-B1D4-442D-A445-8AECDD7A91F4}.Debug|Any CPU.ActiveCfg = Debug|Any CPU
		{E389AF12-B1D4-442D-A445-8AECDD7A91F4}.Debug|Any CPU.Build.0 = Debug|Any CPU
		{E389AF12-B1D4-442D-A445-8AECDD7A91F4}.Release|Any CPU.ActiveCfg = Release|Any CPU
		{E389AF12-B1D4-442D-A445-8AECDD7A91F4}.Release|Any CPU.Build.0 = Release|Any CPU
		{F48C73D2-122F-4ADC-B53E-170396B83CEE}.Debug|Any CPU.ActiveCfg = Debug|Any CPU
		{F48C73D2-122F-4ADC-B53E-170396B83CEE}.Debug|Any CPU.Build.0 = Debug|Any CPU
		{F48C73D2-122F-4ADC-B53E-170396B83CEE}.Release|Any CPU.ActiveCfg = Release|Any CPU
		{F48C73D2-122F-4ADC-B53E-170396B83CEE}.Release|Any CPU.Build.0 = Release|Any CPU
		{001AD6C1-E96F-41DB-9F1C-864607AC9260}.Debug|Any CPU.ActiveCfg = Debug|Any CPU
		{001AD6C1-E96F-41DB-9F1C-864607AC9260}.Debug|Any CPU.Build.0 = Debug|Any CPU
		{001AD6C1-E96F-41DB-9F1C-864607AC9260}.Release|Any CPU.ActiveCfg = Release|Any CPU
		{001AD6C1-E96F-41DB-9F1C-864607AC9260}.Release|Any CPU.Build.0 = Release|Any CPU
	EndGlobalSection
	GlobalSection(SolutionProperties) = preSolution
		HideSolutionNode = FALSE
	EndGlobalSection
	GlobalSection(ExtensibilityGlobals) = postSolution
		SolutionGuid = {DB97BE9E-88CF-4814-A912-D0FA0FB5BE9B}
	EndGlobalSection
EndGlobal
