
Microsoft Visual Studio Solution File, Format Version 12.00
# Visual Studio Version 16
VisualStudioVersion = 16.0.30011.22
MinimumVisualStudioVersion = 10.0.40219.1
Project("{FAE04EC0-301F-11D3-BF4B-00C04F79EFBC}") = "WebAPI", "WebAAPI\WebAPI.csproj", "{D1671D00-EEC3-4BD5-989E-E591E541D1F4}"
EndProject
Project("{FAE04EC0-301F-11D3-BF4B-00C04F79EFBC}") = "WepAPI-EntityFrameworkCRUD", "WepAPI-EntityFrameworkCRUD\WepAPI-EntityFrameworkCRUD.csproj", "{1C95EEA0-5C31-4776-B939-482DF87408FC}"
EndProject
Global
	GlobalSection(SolutionConfigurationPlatforms) = preSolution
		Debug|Any CPU = Debug|Any CPU
		Release|Any CPU = Release|Any CPU
	EndGlobalSection
	GlobalSection(ProjectConfigurationPlatforms) = postSolution
		{D1671D00-EEC3-4BD5-989E-E591E541D1F4}.Debug|Any CPU.ActiveCfg = Debug|Any CPU
		{D1671D00-EEC3-4BD5-989E-E591E541D1F4}.Debug|Any CPU.Build.0 = Debug|Any CPU
		{D1671D00-EEC3-4BD5-989E-E591E541D1F4}.Release|Any CPU.ActiveCfg = Release|Any CPU
		{D1671D00-EEC3-4BD5-989E-E591E541D1F4}.Release|Any CPU.Build.0 = Release|Any CPU
		{1C95EEA0-5C31-4776-B939-482DF87408FC}.Debug|Any CPU.ActiveCfg = Debug|Any CPU
		{1C95EEA0-5C31-4776-B939-482DF87408FC}.Debug|Any CPU.Build.0 = Debug|Any CPU
		{1C95EEA0-5C31-4776-B939-482DF87408FC}.Release|Any CPU.ActiveCfg = Release|Any CPU
		{1C95EEA0-5C31-4776-B939-482DF87408FC}.Release|Any CPU.Build.0 = Release|Any CPU
	EndGlobalSection
	GlobalSection(SolutionProperties) = preSolution
		HideSolutionNode = FALSE
	EndGlobalSection
	GlobalSection(ExtensibilityGlobals) = postSolution
		SolutionGuid = {0C2F46ED-153F-455F-A958-296B949785B6}
	EndGlobalSection
EndGlobal
